// !$*UTF8*$!
{
	archiveVersion = 1;
	classes = {
	};
	objectVersion = 52;
	objects = {

/* Begin PBXBuildFile section */
		E7591E2C25DC00380001BA6E /* AppmarksApp.swift in Sources */ = {isa = PBXBuildFile; fileRef = E7591E2B25DC00380001BA6E /* AppmarksApp.swift */; };
		E7591E2E25DC00380001BA6E /* ContentView.swift in Sources */ = {isa = PBXBuildFile; fileRef = E7591E2D25DC00380001BA6E /* ContentView.swift */; };
		E7591E3025DC00380001BA6E /* Assets.xcassets in Resources */ = {isa = PBXBuildFile; fileRef = E7591E2F25DC00380001BA6E /* Assets.xcassets */; };
		E7591E3325DC00380001BA6E /* Preview Assets.xcassets in Resources */ = {isa = PBXBuildFile; fileRef = E7591E3225DC00380001BA6E /* Preview Assets.xcassets */; };
		E7591E3525DC00390001BA6E /* Persistence.swift in Sources */ = {isa = PBXBuildFile; fileRef = E7591E3425DC00390001BA6E /* Persistence.swift */; };
		E7591E3825DC00390001BA6E /* Appmarks.xcdatamodeld in Sources */ = {isa = PBXBuildFile; fileRef = E7591E3625DC00390001BA6E /* Appmarks.xcdatamodeld */; };
		E7591E4225DC023E0001BA6E /* AppleiTunesAPI.swift in Sources */ = {isa = PBXBuildFile; fileRef = E7591E4125DC023E0001BA6E /* AppleiTunesAPI.swift */; };
		E7591E4525DC02570001BA6E /* ClipboardUtil.swift in Sources */ = {isa = PBXBuildFile; fileRef = E7591E4425DC02570001BA6E /* ClipboardUtil.swift */; };
		E7591E4825DC02900001BA6E /* HostingController.swift in Sources */ = {isa = PBXBuildFile; fileRef = E7591E4725DC02900001BA6E /* HostingController.swift */; };
		E7591E4B25DC02D00001BA6E /* UIColor+Extensions.swift in Sources */ = {isa = PBXBuildFile; fileRef = E7591E4A25DC02D00001BA6E /* UIColor+Extensions.swift */; };
		E7591E5025DC02FC0001BA6E /* BookmarkedAppView.swift in Sources */ = {isa = PBXBuildFile; fileRef = E7591E4F25DC02FC0001BA6E /* BookmarkedAppView.swift */; };
		E7591E5525DC03420001BA6E /* SDWebImageSwiftUI in Frameworks */ = {isa = PBXBuildFile; productRef = E7591E5425DC03420001BA6E /* SDWebImageSwiftUI */; };
		E7591E5925DC03640001BA6E /* SwiftUIRefresh in Frameworks */ = {isa = PBXBuildFile; productRef = E7591E5825DC03640001BA6E /* SwiftUIRefresh */; };
		E792B81D25DC2ADB0039D800 /* ShareViewController.swift in Sources */ = {isa = PBXBuildFile; fileRef = E792B81C25DC2ADB0039D800 /* ShareViewController.swift */; };
		E792B82025DC2ADB0039D800 /* MainInterface.storyboard in Resources */ = {isa = PBXBuildFile; fileRef = E792B81E25DC2ADB0039D800 /* MainInterface.storyboard */; };
		E792B82425DC2ADB0039D800 /* ShareExtension.appex in Embed App Extensions */ = {isa = PBXBuildFile; fileRef = E792B81A25DC2ADB0039D800 /* ShareExtension.appex */; settings = {ATTRIBUTES = (RemoveHeadersOnCopy, ); }; };
		E792B83525DC42A80039D800 /* AppIdUtil.swift in Sources */ = {isa = PBXBuildFile; fileRef = E792B83425DC42A80039D800 /* AppIdUtil.swift */; };
		E792B83F25DD084B0039D800 /* GroupView.swift in Sources */ = {isa = PBXBuildFile; fileRef = E792B83E25DD084B0039D800 /* GroupView.swift */; };
		E792B84425DD14BC0039D800 /* GroupScreen.swift in Sources */ = {isa = PBXBuildFile; fileRef = E792B84325DD14BC0039D800 /* GroupScreen.swift */; };
		E792B84A25DD16900039D800 /* CreateGroupScreen.swift in Sources */ = {isa = PBXBuildFile; fileRef = E792B84925DD16900039D800 /* CreateGroupScreen.swift */; };
		E792B84E25DD57D20039D800 /* CreateAppmarkScreen.swift in Sources */ = {isa = PBXBuildFile; fileRef = E792B84D25DD57D20039D800 /* CreateAppmarkScreen.swift */; };
		E792B85225DE4BDF0039D800 /* EditGroupScreen.swift in Sources */ = {isa = PBXBuildFile; fileRef = E792B85125DE4BDF0039D800 /* EditGroupScreen.swift */; };
/* End PBXBuildFile section */

/* Begin PBXContainerItemProxy section */
		E792B82225DC2ADB0039D800 /* PBXContainerItemProxy */ = {
			isa = PBXContainerItemProxy;
			containerPortal = E7591E2025DC00380001BA6E /* Project object */;
			proxyType = 1;
			remoteGlobalIDString = E792B81925DC2ADB0039D800;
			remoteInfo = ShareExtension;
		};
/* End PBXContainerItemProxy section */

/* Begin PBXCopyFilesBuildPhase section */
		E792B82525DC2ADB0039D800 /* Embed App Extensions */ = {
			isa = PBXCopyFilesBuildPhase;
			buildActionMask = 2147483647;
			dstPath = "";
			dstSubfolderSpec = 13;
			files = (
				E792B82425DC2ADB0039D800 /* ShareExtension.appex in Embed App Extensions */,
			);
			name = "Embed App Extensions";
			runOnlyForDeploymentPostprocessing = 0;
		};
/* End PBXCopyFilesBuildPhase section */

/* Begin PBXFileReference section */
		E7591E2825DC00380001BA6E /* Appmarks.app */ = {isa = PBXFileReference; explicitFileType = wrapper.application; includeInIndex = 0; path = Appmarks.app; sourceTree = BUILT_PRODUCTS_DIR; };
		E7591E2B25DC00380001BA6E /* AppmarksApp.swift */ = {isa = PBXFileReference; lastKnownFileType = sourcecode.swift; path = AppmarksApp.swift; sourceTree = "<group>"; };
		E7591E2D25DC00380001BA6E /* ContentView.swift */ = {isa = PBXFileReference; lastKnownFileType = sourcecode.swift; path = ContentView.swift; sourceTree = "<group>"; };
		E7591E2F25DC00380001BA6E /* Assets.xcassets */ = {isa = PBXFileReference; lastKnownFileType = folder.assetcatalog; path = Assets.xcassets; sourceTree = "<group>"; };
		E7591E3225DC00380001BA6E /* Preview Assets.xcassets */ = {isa = PBXFileReference; lastKnownFileType = folder.assetcatalog; path = "Preview Assets.xcassets"; sourceTree = "<group>"; };
		E7591E3425DC00390001BA6E /* Persistence.swift */ = {isa = PBXFileReference; lastKnownFileType = sourcecode.swift; path = Persistence.swift; sourceTree = "<group>"; };
		E7591E3725DC00390001BA6E /* Appmarks.xcdatamodel */ = {isa = PBXFileReference; lastKnownFileType = wrapper.xcdatamodel; path = Appmarks.xcdatamodel; sourceTree = "<group>"; };
		E7591E3925DC00390001BA6E /* Info.plist */ = {isa = PBXFileReference; lastKnownFileType = text.plist.xml; path = Info.plist; sourceTree = "<group>"; };
		E7591E4125DC023E0001BA6E /* AppleiTunesAPI.swift */ = {isa = PBXFileReference; lastKnownFileType = sourcecode.swift; path = AppleiTunesAPI.swift; sourceTree = "<group>"; };
		E7591E4425DC02570001BA6E /* ClipboardUtil.swift */ = {isa = PBXFileReference; lastKnownFileType = sourcecode.swift; path = ClipboardUtil.swift; sourceTree = "<group>"; };
		E7591E4725DC02900001BA6E /* HostingController.swift */ = {isa = PBXFileReference; lastKnownFileType = sourcecode.swift; path = HostingController.swift; sourceTree = "<group>"; };
		E7591E4A25DC02D00001BA6E /* UIColor+Extensions.swift */ = {isa = PBXFileReference; lastKnownFileType = sourcecode.swift; path = "UIColor+Extensions.swift"; sourceTree = "<group>"; };
		E7591E4F25DC02FC0001BA6E /* BookmarkedAppView.swift */ = {isa = PBXFileReference; lastKnownFileType = sourcecode.swift; path = BookmarkedAppView.swift; sourceTree = "<group>"; };
		E792B81A25DC2ADB0039D800 /* ShareExtension.appex */ = {isa = PBXFileReference; explicitFileType = "wrapper.app-extension"; includeInIndex = 0; path = ShareExtension.appex; sourceTree = BUILT_PRODUCTS_DIR; };
		E792B81C25DC2ADB0039D800 /* ShareViewController.swift */ = {isa = PBXFileReference; lastKnownFileType = sourcecode.swift; path = ShareViewController.swift; sourceTree = "<group>"; };
		E792B81F25DC2ADB0039D800 /* Base */ = {isa = PBXFileReference; lastKnownFileType = file.storyboard; name = Base; path = Base.lproj/MainInterface.storyboard; sourceTree = "<group>"; };
		E792B82125DC2ADB0039D800 /* Info.plist */ = {isa = PBXFileReference; lastKnownFileType = text.plist.xml; path = Info.plist; sourceTree = "<group>"; };
		E792B83125DC357F0039D800 /* Appmarks.entitlements */ = {isa = PBXFileReference; lastKnownFileType = text.plist.entitlements; path = Appmarks.entitlements; sourceTree = "<group>"; };
		E792B83425DC42A80039D800 /* AppIdUtil.swift */ = {isa = PBXFileReference; lastKnownFileType = sourcecode.swift; path = AppIdUtil.swift; sourceTree = "<group>"; };
		E792B83E25DD084B0039D800 /* GroupView.swift */ = {isa = PBXFileReference; lastKnownFileType = sourcecode.swift; path = GroupView.swift; sourceTree = "<group>"; };
		E792B84325DD14BC0039D800 /* GroupScreen.swift */ = {isa = PBXFileReference; lastKnownFileType = sourcecode.swift; path = GroupScreen.swift; sourceTree = "<group>"; };
		E792B84925DD16900039D800 /* CreateGroupScreen.swift */ = {isa = PBXFileReference; lastKnownFileType = sourcecode.swift; path = CreateGroupScreen.swift; sourceTree = "<group>"; };
		E792B84D25DD57D20039D800 /* CreateAppmarkScreen.swift */ = {isa = PBXFileReference; lastKnownFileType = sourcecode.swift; path = CreateAppmarkScreen.swift; sourceTree = "<group>"; };
		E792B85125DE4BDF0039D800 /* EditGroupScreen.swift */ = {isa = PBXFileReference; lastKnownFileType = sourcecode.swift; path = EditGroupScreen.swift; sourceTree = "<group>"; };
/* End PBXFileReference section */

/* Begin PBXFrameworksBuildPhase section */
		E7591E2525DC00380001BA6E /* Frameworks */ = {
			isa = PBXFrameworksBuildPhase;
			buildActionMask = 2147483647;
			files = (
				E7591E5925DC03640001BA6E /* SwiftUIRefresh in Frameworks */,
				E7591E5525DC03420001BA6E /* SDWebImageSwiftUI in Frameworks */,
			);
			runOnlyForDeploymentPostprocessing = 0;
		};
		E792B81725DC2ADB0039D800 /* Frameworks */ = {
			isa = PBXFrameworksBuildPhase;
			buildActionMask = 2147483647;
			files = (
			);
			runOnlyForDeploymentPostprocessing = 0;
		};
/* End PBXFrameworksBuildPhase section */

/* Begin PBXGroup section */
		E7591E1F25DC00380001BA6E = {
			isa = PBXGroup;
			children = (
				E7591E2A25DC00380001BA6E /* Appmarks */,
				E792B81B25DC2ADB0039D800 /* ShareExtension */,
				E7591E2925DC00380001BA6E /* Products */,
			);
			sourceTree = "<group>";
		};
		E7591E2925DC00380001BA6E /* Products */ = {
			isa = PBXGroup;
			children = (
				E7591E2825DC00380001BA6E /* Appmarks.app */,
				E792B81A25DC2ADB0039D800 /* ShareExtension.appex */,
			);
			name = Products;
			sourceTree = "<group>";
		};
		E7591E2A25DC00380001BA6E /* Appmarks */ = {
			isa = PBXGroup;
			children = (
				E792B83125DC357F0039D800 /* Appmarks.entitlements */,
				E792B84225DD14A10039D800 /* Screens */,
				E7591E4E25DC02F40001BA6E /* Views */,
				E7591E2B25DC00380001BA6E /* AppmarksApp.swift */,
				E7591E2D25DC00380001BA6E /* ContentView.swift */,
				E7591E2F25DC00380001BA6E /* Assets.xcassets */,
				E7591E3425DC00390001BA6E /* Persistence.swift */,
				E7591E3925DC00390001BA6E /* Info.plist */,
				E7591E3625DC00390001BA6E /* Appmarks.xcdatamodeld */,
				E7591E3125DC00380001BA6E /* Preview Content */,
				E7591E4125DC023E0001BA6E /* AppleiTunesAPI.swift */,
				E7591E4425DC02570001BA6E /* ClipboardUtil.swift */,
				E7591E4725DC02900001BA6E /* HostingController.swift */,
				E7591E4A25DC02D00001BA6E /* UIColor+Extensions.swift */,
				E792B83425DC42A80039D800 /* AppIdUtil.swift */,
			);
			path = Appmarks;
			sourceTree = "<group>";
		};
		E7591E3125DC00380001BA6E /* Preview Content */ = {
			isa = PBXGroup;
			children = (
				E7591E3225DC00380001BA6E /* Preview Assets.xcassets */,
			);
			path = "Preview Content";
			sourceTree = "<group>";
		};
		E7591E4E25DC02F40001BA6E /* Views */ = {
			isa = PBXGroup;
			children = (
				E7591E4F25DC02FC0001BA6E /* BookmarkedAppView.swift */,
				E792B83E25DD084B0039D800 /* GroupView.swift */,
			);
			path = Views;
			sourceTree = "<group>";
		};
		E792B81B25DC2ADB0039D800 /* ShareExtension */ = {
			isa = PBXGroup;
			children = (
				E792B81C25DC2ADB0039D800 /* ShareViewController.swift */,
				E792B81E25DC2ADB0039D800 /* MainInterface.storyboard */,
				E792B82125DC2ADB0039D800 /* Info.plist */,
			);
			path = ShareExtension;
			sourceTree = "<group>";
		};
		E792B84225DD14A10039D800 /* Screens */ = {
			isa = PBXGroup;
			children = (
				E792B84325DD14BC0039D800 /* GroupScreen.swift */,
				E792B84925DD16900039D800 /* CreateGroupScreen.swift */,
				E792B84D25DD57D20039D800 /* CreateAppmarkScreen.swift */,
				E792B85125DE4BDF0039D800 /* EditGroupScreen.swift */,
			);
			path = Screens;
			sourceTree = "<group>";
		};
/* End PBXGroup section */

/* Begin PBXNativeTarget section */
		E7591E2725DC00380001BA6E /* Appmarks */ = {
			isa = PBXNativeTarget;
			buildConfigurationList = E7591E3C25DC00390001BA6E /* Build configuration list for PBXNativeTarget "Appmarks" */;
			buildPhases = (
				E7591E2425DC00380001BA6E /* Sources */,
				E7591E2525DC00380001BA6E /* Frameworks */,
				E7591E2625DC00380001BA6E /* Resources */,
				E792B82525DC2ADB0039D800 /* Embed App Extensions */,
			);
			buildRules = (
			);
			dependencies = (
				E792B82325DC2ADB0039D800 /* PBXTargetDependency */,
			);
			name = Appmarks;
			packageProductDependencies = (
				E7591E5425DC03420001BA6E /* SDWebImageSwiftUI */,
				E7591E5825DC03640001BA6E /* SwiftUIRefresh */,
			);
			productName = Appmarks;
			productReference = E7591E2825DC00380001BA6E /* Appmarks.app */;
			productType = "com.apple.product-type.application";
		};
		E792B81925DC2ADB0039D800 /* ShareExtension */ = {
			isa = PBXNativeTarget;
			buildConfigurationList = E792B82825DC2ADB0039D800 /* Build configuration list for PBXNativeTarget "ShareExtension" */;
			buildPhases = (
				E792B81625DC2ADB0039D800 /* Sources */,
				E792B81725DC2ADB0039D800 /* Frameworks */,
				E792B81825DC2ADB0039D800 /* Resources */,
			);
			buildRules = (
			);
			dependencies = (
			);
			name = ShareExtension;
			productName = ShareExtension;
			productReference = E792B81A25DC2ADB0039D800 /* ShareExtension.appex */;
			productType = "com.apple.product-type.app-extension";
		};
/* End PBXNativeTarget section */

/* Begin PBXProject section */
		E7591E2025DC00380001BA6E /* Project object */ = {
			isa = PBXProject;
			attributes = {
				LastSwiftUpdateCheck = 1240;
				LastUpgradeCheck = 1240;
				TargetAttributes = {
					E7591E2725DC00380001BA6E = {
						CreatedOnToolsVersion = 12.4;
					};
					E792B81925DC2ADB0039D800 = {
						CreatedOnToolsVersion = 12.4;
					};
				};
			};
			buildConfigurationList = E7591E2325DC00380001BA6E /* Build configuration list for PBXProject "Appmarks" */;
			compatibilityVersion = "Xcode 9.3";
			developmentRegion = en;
			hasScannedForEncodings = 0;
			knownRegions = (
				en,
				Base,
			);
			mainGroup = E7591E1F25DC00380001BA6E;
			packageReferences = (
				E7591E5325DC03420001BA6E /* XCRemoteSwiftPackageReference "SDWebImageSwiftUI" */,
				E7591E5725DC03640001BA6E /* XCRemoteSwiftPackageReference "SwiftUIRefresh" */,
			);
			productRefGroup = E7591E2925DC00380001BA6E /* Products */;
			projectDirPath = "";
			projectRoot = "";
			targets = (
				E7591E2725DC00380001BA6E /* Appmarks */,
				E792B81925DC2ADB0039D800 /* ShareExtension */,
			);
		};
/* End PBXProject section */

/* Begin PBXResourcesBuildPhase section */
		E7591E2625DC00380001BA6E /* Resources */ = {
			isa = PBXResourcesBuildPhase;
			buildActionMask = 2147483647;
			files = (
				E7591E3325DC00380001BA6E /* Preview Assets.xcassets in Resources */,
				E7591E3025DC00380001BA6E /* Assets.xcassets in Resources */,
			);
			runOnlyForDeploymentPostprocessing = 0;
		};
		E792B81825DC2ADB0039D800 /* Resources */ = {
			isa = PBXResourcesBuildPhase;
			buildActionMask = 2147483647;
			files = (
				E792B82025DC2ADB0039D800 /* MainInterface.storyboard in Resources */,
			);
			runOnlyForDeploymentPostprocessing = 0;
		};
/* End PBXResourcesBuildPhase section */

/* Begin PBXSourcesBuildPhase section */
		E7591E2425DC00380001BA6E /* Sources */ = {
			isa = PBXSourcesBuildPhase;
			buildActionMask = 2147483647;
			files = (
				E7591E3825DC00390001BA6E /* Appmarks.xcdatamodeld in Sources */,
				E792B85225DE4BDF0039D800 /* EditGroupScreen.swift in Sources */,
				E792B84A25DD16900039D800 /* CreateGroupScreen.swift in Sources */,
				E792B84E25DD57D20039D800 /* CreateAppmarkScreen.swift in Sources */,
				E792B84425DD14BC0039D800 /* GroupScreen.swift in Sources */,
				E792B83525DC42A80039D800 /* AppIdUtil.swift in Sources */,
				E7591E5025DC02FC0001BA6E /* BookmarkedAppView.swift in Sources */,
				E7591E4225DC023E0001BA6E /* AppleiTunesAPI.swift in Sources */,
				E7591E3525DC00390001BA6E /* Persistence.swift in Sources */,
				E7591E2E25DC00380001BA6E /* ContentView.swift in Sources */,
				E7591E4B25DC02D00001BA6E /* UIColor+Extensions.swift in Sources */,
				E7591E4825DC02900001BA6E /* HostingController.swift in Sources */,
				E7591E4525DC02570001BA6E /* ClipboardUtil.swift in Sources */,
				E792B83F25DD084B0039D800 /* GroupView.swift in Sources */,
				E7591E2C25DC00380001BA6E /* AppmarksApp.swift in Sources */,
			);
			runOnlyForDeploymentPostprocessing = 0;
		};
		E792B81625DC2ADB0039D800 /* Sources */ = {
			isa = PBXSourcesBuildPhase;
			buildActionMask = 2147483647;
			files = (
				E792B81D25DC2ADB0039D800 /* ShareViewController.swift in Sources */,
			);
			runOnlyForDeploymentPostprocessing = 0;
		};
/* End PBXSourcesBuildPhase section */

/* Begin PBXTargetDependency section */
		E792B82325DC2ADB0039D800 /* PBXTargetDependency */ = {
			isa = PBXTargetDependency;
			target = E792B81925DC2ADB0039D800 /* ShareExtension */;
			targetProxy = E792B82225DC2ADB0039D800 /* PBXContainerItemProxy */;
		};
/* End PBXTargetDependency section */

/* Begin PBXVariantGroup section */
		E792B81E25DC2ADB0039D800 /* MainInterface.storyboard */ = {
			isa = PBXVariantGroup;
			children = (
				E792B81F25DC2ADB0039D800 /* Base */,
			);
			name = MainInterface.storyboard;
			sourceTree = "<group>";
		};
/* End PBXVariantGroup section */

/* Begin XCBuildConfiguration section */
		E7591E3A25DC00390001BA6E /* Debug */ = {
			isa = XCBuildConfiguration;
			buildSettings = {
				ALWAYS_SEARCH_USER_PATHS = NO;
				CLANG_ANALYZER_NONNULL = YES;
				CLANG_ANALYZER_NUMBER_OBJECT_CONVERSION = YES_AGGRESSIVE;
				CLANG_CXX_LANGUAGE_STANDARD = "gnu++14";
				CLANG_CXX_LIBRARY = "libc++";
				CLANG_ENABLE_MODULES = YES;
				CLANG_ENABLE_OBJC_ARC = YES;
				CLANG_ENABLE_OBJC_WEAK = YES;
				CLANG_WARN_BLOCK_CAPTURE_AUTORELEASING = YES;
				CLANG_WARN_BOOL_CONVERSION = YES;
				CLANG_WARN_COMMA = YES;
				CLANG_WARN_CONSTANT_CONVERSION = YES;
				CLANG_WARN_DEPRECATED_OBJC_IMPLEMENTATIONS = YES;
				CLANG_WARN_DIRECT_OBJC_ISA_USAGE = YES_ERROR;
				CLANG_WARN_DOCUMENTATION_COMMENTS = YES;
				CLANG_WARN_EMPTY_BODY = YES;
				CLANG_WARN_ENUM_CONVERSION = YES;
				CLANG_WARN_INFINITE_RECURSION = YES;
				CLANG_WARN_INT_CONVERSION = YES;
				CLANG_WARN_NON_LITERAL_NULL_CONVERSION = YES;
				CLANG_WARN_OBJC_IMPLICIT_RETAIN_SELF = YES;
				CLANG_WARN_OBJC_LITERAL_CONVERSION = YES;
				CLANG_WARN_OBJC_ROOT_CLASS = YES_ERROR;
				CLANG_WARN_QUOTED_INCLUDE_IN_FRAMEWORK_HEADER = YES;
				CLANG_WARN_RANGE_LOOP_ANALYSIS = YES;
				CLANG_WARN_STRICT_PROTOTYPES = YES;
				CLANG_WARN_SUSPICIOUS_MOVE = YES;
				CLANG_WARN_UNGUARDED_AVAILABILITY = YES_AGGRESSIVE;
				CLANG_WARN_UNREACHABLE_CODE = YES;
				CLANG_WARN__DUPLICATE_METHOD_MATCH = YES;
				COPY_PHASE_STRIP = NO;
				DEBUG_INFORMATION_FORMAT = dwarf;
				ENABLE_STRICT_OBJC_MSGSEND = YES;
				ENABLE_TESTABILITY = YES;
				GCC_C_LANGUAGE_STANDARD = gnu11;
				GCC_DYNAMIC_NO_PIC = NO;
				GCC_NO_COMMON_BLOCKS = YES;
				GCC_OPTIMIZATION_LEVEL = 0;
				GCC_PREPROCESSOR_DEFINITIONS = (
					"DEBUG=1",
					"$(inherited)",
				);
				GCC_WARN_64_TO_32_BIT_CONVERSION = YES;
				GCC_WARN_ABOUT_RETURN_TYPE = YES_ERROR;
				GCC_WARN_UNDECLARED_SELECTOR = YES;
				GCC_WARN_UNINITIALIZED_AUTOS = YES_AGGRESSIVE;
				GCC_WARN_UNUSED_FUNCTION = YES;
				GCC_WARN_UNUSED_VARIABLE = YES;
				IPHONEOS_DEPLOYMENT_TARGET = 14.4;
				MTL_ENABLE_DEBUG_INFO = INCLUDE_SOURCE;
				MTL_FAST_MATH = YES;
				ONLY_ACTIVE_ARCH = YES;
				SDKROOT = iphoneos;
				SWIFT_ACTIVE_COMPILATION_CONDITIONS = DEBUG;
				SWIFT_OPTIMIZATION_LEVEL = "-Onone";
			};
			name = Debug;
		};
		E7591E3B25DC00390001BA6E /* Release */ = {
			isa = XCBuildConfiguration;
			buildSettings = {
				ALWAYS_SEARCH_USER_PATHS = NO;
				CLANG_ANALYZER_NONNULL = YES;
				CLANG_ANALYZER_NUMBER_OBJECT_CONVERSION = YES_AGGRESSIVE;
				CLANG_CXX_LANGUAGE_STANDARD = "gnu++14";
				CLANG_CXX_LIBRARY = "libc++";
				CLANG_ENABLE_MODULES = YES;
				CLANG_ENABLE_OBJC_ARC = YES;
				CLANG_ENABLE_OBJC_WEAK = YES;
				CLANG_WARN_BLOCK_CAPTURE_AUTORELEASING = YES;
				CLANG_WARN_BOOL_CONVERSION = YES;
				CLANG_WARN_COMMA = YES;
				CLANG_WARN_CONSTANT_CONVERSION = YES;
				CLANG_WARN_DEPRECATED_OBJC_IMPLEMENTATIONS = YES;
				CLANG_WARN_DIRECT_OBJC_ISA_USAGE = YES_ERROR;
				CLANG_WARN_DOCUMENTATION_COMMENTS = YES;
				CLANG_WARN_EMPTY_BODY = YES;
				CLANG_WARN_ENUM_CONVERSION = YES;
				CLANG_WARN_INFINITE_RECURSION = YES;
				CLANG_WARN_INT_CONVERSION = YES;
				CLANG_WARN_NON_LITERAL_NULL_CONVERSION = YES;
				CLANG_WARN_OBJC_IMPLICIT_RETAIN_SELF = YES;
				CLANG_WARN_OBJC_LITERAL_CONVERSION = YES;
				CLANG_WARN_OBJC_ROOT_CLASS = YES_ERROR;
				CLANG_WARN_QUOTED_INCLUDE_IN_FRAMEWORK_HEADER = YES;
				CLANG_WARN_RANGE_LOOP_ANALYSIS = YES;
				CLANG_WARN_STRICT_PROTOTYPES = YES;
				CLANG_WARN_SUSPICIOUS_MOVE = YES;
				CLANG_WARN_UNGUARDED_AVAILABILITY = YES_AGGRESSIVE;
				CLANG_WARN_UNREACHABLE_CODE = YES;
				CLANG_WARN__DUPLICATE_METHOD_MATCH = YES;
				COPY_PHASE_STRIP = NO;
				DEBUG_INFORMATION_FORMAT = "dwarf-with-dsym";
				ENABLE_NS_ASSERTIONS = NO;
				ENABLE_STRICT_OBJC_MSGSEND = YES;
				GCC_C_LANGUAGE_STANDARD = gnu11;
				GCC_NO_COMMON_BLOCKS = YES;
				GCC_WARN_64_TO_32_BIT_CONVERSION = YES;
				GCC_WARN_ABOUT_RETURN_TYPE = YES_ERROR;
				GCC_WARN_UNDECLARED_SELECTOR = YES;
				GCC_WARN_UNINITIALIZED_AUTOS = YES_AGGRESSIVE;
				GCC_WARN_UNUSED_FUNCTION = YES;
				GCC_WARN_UNUSED_VARIABLE = YES;
				IPHONEOS_DEPLOYMENT_TARGET = 14.4;
				MTL_ENABLE_DEBUG_INFO = NO;
				MTL_FAST_MATH = YES;
				SDKROOT = iphoneos;
				SWIFT_COMPILATION_MODE = wholemodule;
				SWIFT_OPTIMIZATION_LEVEL = "-O";
				VALIDATE_PRODUCT = YES;
			};
			name = Release;
		};
		E7591E3D25DC00390001BA6E /* Debug */ = {
			isa = XCBuildConfiguration;
			buildSettings = {
				ALWAYS_EMBED_SWIFT_STANDARD_LIBRARIES = YES;
				ASSETCATALOG_COMPILER_APPICON_NAME = AppIcon;
				ASSETCATALOG_COMPILER_GLOBAL_ACCENT_COLOR_NAME = AccentColor;
				CODE_SIGN_ENTITLEMENTS = Appmarks/Appmarks.entitlements;
				CODE_SIGN_STYLE = Automatic;
				DEVELOPMENT_ASSET_PATHS = "\"Appmarks/Preview Content\"";
				DEVELOPMENT_TEAM = A2Q8595W43;
				ENABLE_PREVIEWS = YES;
				INFOPLIST_FILE = Appmarks/Info.plist;
				IPHONEOS_DEPLOYMENT_TARGET = 14.0;
				LD_RUNPATH_SEARCH_PATHS = (
					"$(inherited)",
					"@executable_path/Frameworks",
				);
				PRODUCT_BUNDLE_IDENTIFIER = com.liamcottle.ios.Appmarks;
				PRODUCT_NAME = "$(TARGET_NAME)";
				SWIFT_VERSION = 5.0;
				TARGETED_DEVICE_FAMILY = "1,2";
			};
			name = Debug;
		};
		E7591E3E25DC00390001BA6E /* Release */ = {
			isa = XCBuildConfiguration;
			buildSettings = {
				ALWAYS_EMBED_SWIFT_STANDARD_LIBRARIES = YES;
				ASSETCATALOG_COMPILER_APPICON_NAME = AppIcon;
				ASSETCATALOG_COMPILER_GLOBAL_ACCENT_COLOR_NAME = AccentColor;
				CODE_SIGN_ENTITLEMENTS = Appmarks/Appmarks.entitlements;
				CODE_SIGN_STYLE = Automatic;
				DEVELOPMENT_ASSET_PATHS = "\"Appmarks/Preview Content\"";
				DEVELOPMENT_TEAM = A2Q8595W43;
				ENABLE_PREVIEWS = YES;
				INFOPLIST_FILE = Appmarks/Info.plist;
				IPHONEOS_DEPLOYMENT_TARGET = 14.0;
				LD_RUNPATH_SEARCH_PATHS = (
					"$(inherited)",
					"@executable_path/Frameworks",
				);
				PRODUCT_BUNDLE_IDENTIFIER = com.liamcottle.ios.Appmarks;
				PRODUCT_NAME = "$(TARGET_NAME)";
				SWIFT_VERSION = 5.0;
				TARGETED_DEVICE_FAMILY = "1,2";
			};
			name = Release;
		};
		E792B82625DC2ADB0039D800 /* Debug */ = {
			isa = XCBuildConfiguration;
			buildSettings = {
				CODE_SIGN_STYLE = Automatic;
				DEVELOPMENT_TEAM = A2Q8595W43;
				INFOPLIST_FILE = ShareExtension/Info.plist;
				LD_RUNPATH_SEARCH_PATHS = (
					"$(inherited)",
					"@executable_path/Frameworks",
					"@executable_path/../../Frameworks",
				);
				PRODUCT_BUNDLE_IDENTIFIER = com.liamcottle.ios.Appmarks.ShareExtension;
				PRODUCT_NAME = "$(TARGET_NAME)";
				SKIP_INSTALL = YES;
				SWIFT_VERSION = 5.0;
				TARGETED_DEVICE_FAMILY = "1,2";
			};
			name = Debug;
		};
		E792B82725DC2ADB0039D800 /* Release */ = {
			isa = XCBuildConfiguration;
			buildSettings = {
				CODE_SIGN_STYLE = Automatic;
				DEVELOPMENT_TEAM = A2Q8595W43;
				INFOPLIST_FILE = ShareExtension/Info.plist;
				LD_RUNPATH_SEARCH_PATHS = (
					"$(inherited)",
					"@executable_path/Frameworks",
					"@executable_path/../../Frameworks",
				);
				PRODUCT_BUNDLE_IDENTIFIER = com.liamcottle.ios.Appmarks.ShareExtension;
				PRODUCT_NAME = "$(TARGET_NAME)";
				SKIP_INSTALL = YES;
				SWIFT_VERSION = 5.0;
				TARGETED_DEVICE_FAMILY = "1,2";
			};
			name = Release;
		};
/* End XCBuildConfiguration section */

/* Begin XCConfigurationList section */
		E7591E2325DC00380001BA6E /* Build configuration list for PBXProject "Appmarks" */ = {
			isa = XCConfigurationList;
			buildConfigurations = (
				E7591E3A25DC00390001BA6E /* Debug */,
				E7591E3B25DC00390001BA6E /* Release */,
			);
			defaultConfigurationIsVisible = 0;
			defaultConfigurationName = Release;
		};
		E7591E3C25DC00390001BA6E /* Build configuration list for PBXNativeTarget "Appmarks" */ = {
			isa = XCConfigurationList;
			buildConfigurations = (
				E7591E3D25DC00390001BA6E /* Debug */,
				E7591E3E25DC00390001BA6E /* Release */,
			);
			defaultConfigurationIsVisible = 0;
			defaultConfigurationName = Release;
		};
		E792B82825DC2ADB0039D800 /* Build configuration list for PBXNativeTarget "ShareExtension" */ = {
			isa = XCConfigurationList;
			buildConfigurations = (
				E792B82625DC2ADB0039D800 /* Debug */,
				E792B82725DC2ADB0039D800 /* Release */,
			);
			defaultConfigurationIsVisible = 0;
			defaultConfigurationName = Release;
		};
/* End XCConfigurationList section */

/* Begin XCRemoteSwiftPackageReference section */
		E7591E5325DC03420001BA6E /* XCRemoteSwiftPackageReference "SDWebImageSwiftUI" */ = {
			isa = XCRemoteSwiftPackageReference;
			repositoryURL = "https://github.com/SDWebImage/SDWebImageSwiftUI";
			requirement = {
				kind = upToNextMajorVersion;
				minimumVersion = 1.5.0;
			};
		};
		E7591E5725DC03640001BA6E /* XCRemoteSwiftPackageReference "SwiftUIRefresh" */ = {
			isa = XCRemoteSwiftPackageReference;
			repositoryURL = "https://github.com/timbersoftware/SwiftUIRefresh.git";
			requirement = {
				kind = upToNextMajorVersion;
				minimumVersion = 0.0.3;
			};
		};
/* End XCRemoteSwiftPackageReference section */

/* Begin XCSwiftPackageProductDependency section */
		E7591E5425DC03420001BA6E /* SDWebImageSwiftUI */ = {
			isa = XCSwiftPackageProductDependency;
			package = E7591E5325DC03420001BA6E /* XCRemoteSwiftPackageReference "SDWebImageSwiftUI" */;
			productName = SDWebImageSwiftUI;
		};
		E7591E5825DC03640001BA6E /* SwiftUIRefresh */ = {
			isa = XCSwiftPackageProductDependency;
			package = E7591E5725DC03640001BA6E /* XCRemoteSwiftPackageReference "SwiftUIRefresh" */;
			productName = SwiftUIRefresh;
		};
/* End XCSwiftPackageProductDependency section */

/* Begin XCVersionGroup section */
		E7591E3625DC00390001BA6E /* Appmarks.xcdatamodeld */ = {
			isa = XCVersionGroup;
			children = (
				E7591E3725DC00390001BA6E /* Appmarks.xcdatamodel */,
			);
			currentVersion = E7591E3725DC00390001BA6E /* Appmarks.xcdatamodel */;
			path = Appmarks.xcdatamodeld;
			sourceTree = "<group>";
			versionGroupType = wrapper.xcdatamodel;
		};
/* End XCVersionGroup section */
	};
	rootObject = E7591E2025DC00380001BA6E /* Project object */;
}
